
Microsoft Visual Studio Solution File, Format Version 11.00
# Visual Studio 2010
Project("{FAE04EC0-301F-11D3-BF4B-00C04F79EFBC}") = "Assembly-CSharp", "Assembly-CSharp.csproj", "{5017981e-48d2-d928-7629-4d5a5bcff26d}"
EndProject
Project("{FAE04EC0-301F-11D3-BF4B-00C04F79EFBC}") = "Assembly-CSharp-Editor", "Assembly-CSharp-Editor.csproj", "{53895b79-7d2b-bd82-693b-4c1d4583d9bc}"
EndProject
Global
	GlobalSection(SolutionConfigurationPlatforms) = preSolution
		Debug|Any CPU = Debug|Any CPU
	EndGlobalSection
	GlobalSection(ProjectConfigurationPlatforms) = postSolution
		{5017981e-48d2-d928-7629-4d5a5bcff26d}.Debug|Any CPU.ActiveCfg = Debug|Any CPU
		{5017981e-48d2-d928-7629-4d5a5bcff26d}.Debug|Any CPU.Build.0 = Debug|Any CPU
		{53895b79-7d2b-bd82-693b-4c1d4583d9bc}.Debug|Any CPU.ActiveCfg = Debug|Any CPU
		{53895b79-7d2b-bd82-693b-4c1d4583d9bc}.Debug|Any CPU.Build.0 = Debug|Any CPU
	EndGlobalSection
	GlobalSection(SolutionProperties) = preSolution
		HideSolutionNode = FALSE
	EndGlobalSection
EndGlobal
